// !$*UTF8*$!
{
	archiveVersion = 1;
	classes = {
	};
	objectVersion = 55;
	objects = {

/* Begin PBXBuildFile section */
		C50A0BBC2708067300E06DB4 /* WeatherFlowService.swift in Sources */ = {isa = PBXBuildFile; fileRef = C50A0BBB2708067300E06DB4 /* WeatherFlowService.swift */; };
		C50A0BBE270806D300E06DB4 /* WeatherFlowService+Authorization.swift in Sources */ = {isa = PBXBuildFile; fileRef = C50A0BBD270806D300E06DB4 /* WeatherFlowService+Authorization.swift */; };
		C50A0BC02708071900E06DB4 /* WeatherFlow+Routes.swift in Sources */ = {isa = PBXBuildFile; fileRef = C50A0BBF2708071900E06DB4 /* WeatherFlow+Routes.swift */; };
		C50A0BC82708162900E06DB4 /* WeatherFlow+Fetch.swift in Sources */ = {isa = PBXBuildFile; fileRef = C50A0BC72708162900E06DB4 /* WeatherFlow+Fetch.swift */; };
		C50A0BCA2708188D00E06DB4 /* AwairService+Device.swift in Sources */ = {isa = PBXBuildFile; fileRef = C50A0BC92708188D00E06DB4 /* AwairService+Device.swift */; };
		C50A0BCC2708E18400E06DB4 /* AwareService.swift in Sources */ = {isa = PBXBuildFile; fileRef = C50A0BCB2708E18400E06DB4 /* AwareService.swift */; };
		C50A0BCE270A1E2C00E06DB4 /* AwareDataView.swift in Sources */ = {isa = PBXBuildFile; fileRef = C50A0BCD270A1E2C00E06DB4 /* AwareDataView.swift */; };
		C50A0BD5270A334C00E06DB4 /* AirThingsService.swift in Sources */ = {isa = PBXBuildFile; fileRef = C50A0BD4270A334C00E06DB4 /* AirThingsService.swift */; };
		C50A0BD7270A623600E06DB4 /* AirThings+Routes.swift in Sources */ = {isa = PBXBuildFile; fileRef = C50A0BD6270A623600E06DB4 /* AirThings+Routes.swift */; };
		C50A0BD9270A624A00E06DB4 /* AirThingsService+Authorization.swift in Sources */ = {isa = PBXBuildFile; fileRef = C50A0BD8270A624A00E06DB4 /* AirThingsService+Authorization.swift */; };
		C50A0BDC270BB1E800E06DB4 /* PurpleAirService.swift in Sources */ = {isa = PBXBuildFile; fileRef = C50A0BDB270BB1E800E06DB4 /* PurpleAirService.swift */; };
		C5B6AB4626FD4E8300095918 /* AirAware.docc in Sources */ = {isa = PBXBuildFile; fileRef = C5B6AB4526FD4E8300095918 /* AirAware.docc */; };
		C5B6AB4726FD4E8300095918 /* AirAware.h in Headers */ = {isa = PBXBuildFile; fileRef = C5B6AB4426FD4E8300095918 /* AirAware.h */; settings = {ATTRIBUTES = (Public, ); }; };
		C5B6AB5326FD4ED700095918 /* AwairService+Authorization.swift in Sources */ = {isa = PBXBuildFile; fileRef = C5B6AB4D26FD4ED700095918 /* AwairService+Authorization.swift */; };
		C5B6AB5426FD4ED700095918 /* AwairService.swift in Sources */ = {isa = PBXBuildFile; fileRef = C5B6AB4E26FD4ED700095918 /* AwairService.swift */; };
		C5B6AB5526FD4ED700095918 /* AwairService+Fetch.swift in Sources */ = {isa = PBXBuildFile; fileRef = C5B6AB4F26FD4ED700095918 /* AwairService+Fetch.swift */; };
		C5B6AB5626FD4ED700095918 /* AwareData.swift in Sources */ = {isa = PBXBuildFile; fileRef = C5B6AB5026FD4ED700095918 /* AwareData.swift */; };
		C5B6AB5726FD4ED700095918 /* AwairService+Routes.swift in Sources */ = {isa = PBXBuildFile; fileRef = C5B6AB5126FD4ED700095918 /* AwairService+Routes.swift */; };
		C5B6AB5826FD4ED700095918 /* AwareDevice.swift in Sources */ = {isa = PBXBuildFile; fileRef = C5B6AB5226FD4ED700095918 /* AwareDevice.swift */; };
		C5B6AB5D26FD514B00095918 /* UUSwiftNetworking in Frameworks */ = {isa = PBXBuildFile; productRef = C5B6AB5C26FD514B00095918 /* UUSwiftNetworking */; };
		C5DD5A45270D31830046EFED /* PurpleAirService+Routes.swift in Sources */ = {isa = PBXBuildFile; fileRef = C5DD5A44270D31830046EFED /* PurpleAirService+Routes.swift */; };
		C5DD5A47270D41B40046EFED /* PurpleAirService+Fetch.swift in Sources */ = {isa = PBXBuildFile; fileRef = C5DD5A46270D41B40046EFED /* PurpleAirService+Fetch.swift */; };
		C5DD5A4B270E99750046EFED /* OpenWeatherService.swift in Sources */ = {isa = PBXBuildFile; fileRef = C5DD5A4A270E99750046EFED /* OpenWeatherService.swift */; };
		C5DD5A4F270E9AEE0046EFED /* OpenWeatherService+Routes.swift in Sources */ = {isa = PBXBuildFile; fileRef = C5DD5A4E270E9AEE0046EFED /* OpenWeatherService+Routes.swift */; };
		C5DD5A51270E9BB10046EFED /* OpenWeatherService+Fetch.swift in Sources */ = {isa = PBXBuildFile; fileRef = C5DD5A50270E9BB10046EFED /* OpenWeatherService+Fetch.swift */; };
		C5DD5A53270EAE410046EFED /* AwareData+Conversions.swift in Sources */ = {isa = PBXBuildFile; fileRef = C5DD5A52270EAE410046EFED /* AwareData+Conversions.swift */; };
		C5F04AE22703E24F007C49BA /* AirNowService.swift in Sources */ = {isa = PBXBuildFile; fileRef = C5F04AE12703E24F007C49BA /* AirNowService.swift */; };
		C5F04AE4270416F0007C49BA /* AirNowService+Authorization.swift in Sources */ = {isa = PBXBuildFile; fileRef = C5F04AE3270416F0007C49BA /* AirNowService+Authorization.swift */; };
		C5F04AE62704173E007C49BA /* AirNowService+Routes.swift in Sources */ = {isa = PBXBuildFile; fileRef = C5F04AE52704173E007C49BA /* AirNowService+Routes.swift */; };
		C5F04AE8270434F2007C49BA /* AirNowService+Fetch.swift in Sources */ = {isa = PBXBuildFile; fileRef = C5F04AE7270434F2007C49BA /* AirNowService+Fetch.swift */; };
/* End PBXBuildFile section */

/* Begin PBXFileReference section */
		C50546A6270F50A500FAD5D5 /* LICENSE */ = {isa = PBXFileReference; lastKnownFileType = text; path = LICENSE; sourceTree = "<group>"; };
		C50546A7270F50A500FAD5D5 /* README.md */ = {isa = PBXFileReference; lastKnownFileType = net.daringfireball.markdown; path = README.md; sourceTree = "<group>"; };
		C50A0BBB2708067300E06DB4 /* WeatherFlowService.swift */ = {isa = PBXFileReference; lastKnownFileType = sourcecode.swift; path = WeatherFlowService.swift; sourceTree = "<group>"; };
		C50A0BBD270806D300E06DB4 /* WeatherFlowService+Authorization.swift */ = {isa = PBXFileReference; lastKnownFileType = sourcecode.swift; path = "WeatherFlowService+Authorization.swift"; sourceTree = "<group>"; };
		C50A0BBF2708071900E06DB4 /* WeatherFlow+Routes.swift */ = {isa = PBXFileReference; lastKnownFileType = sourcecode.swift; path = "WeatherFlow+Routes.swift"; sourceTree = "<group>"; };
		C50A0BC72708162900E06DB4 /* WeatherFlow+Fetch.swift */ = {isa = PBXFileReference; lastKnownFileType = sourcecode.swift; path = "WeatherFlow+Fetch.swift"; sourceTree = "<group>"; };
		C50A0BC92708188D00E06DB4 /* AwairService+Device.swift */ = {isa = PBXFileReference; lastKnownFileType = sourcecode.swift; path = "AwairService+Device.swift"; sourceTree = "<group>"; };
		C50A0BCB2708E18400E06DB4 /* AwareService.swift */ = {isa = PBXFileReference; lastKnownFileType = sourcecode.swift; path = AwareService.swift; sourceTree = "<group>"; };
		C50A0BCD270A1E2C00E06DB4 /* AwareDataView.swift */ = {isa = PBXFileReference; lastKnownFileType = sourcecode.swift; path = AwareDataView.swift; sourceTree = "<group>"; };
		C50A0BD4270A334C00E06DB4 /* AirThingsService.swift */ = {isa = PBXFileReference; lastKnownFileType = sourcecode.swift; path = AirThingsService.swift; sourceTree = "<group>"; };
		C50A0BD6270A623600E06DB4 /* AirThings+Routes.swift */ = {isa = PBXFileReference; lastKnownFileType = sourcecode.swift; path = "AirThings+Routes.swift"; sourceTree = "<group>"; };
		C50A0BD8270A624A00E06DB4 /* AirThingsService+Authorization.swift */ = {isa = PBXFileReference; lastKnownFileType = sourcecode.swift; path = "AirThingsService+Authorization.swift"; sourceTree = "<group>"; };
		C50A0BDB270BB1E800E06DB4 /* PurpleAirService.swift */ = {isa = PBXFileReference; lastKnownFileType = sourcecode.swift; path = PurpleAirService.swift; sourceTree = "<group>"; };
		C5B6AB4126FD4E8300095918 /* AirAware.framework */ = {isa = PBXFileReference; explicitFileType = wrapper.framework; includeInIndex = 0; path = AirAware.framework; sourceTree = BUILT_PRODUCTS_DIR; };
		C5B6AB4426FD4E8300095918 /* AirAware.h */ = {isa = PBXFileReference; lastKnownFileType = sourcecode.c.h; path = AirAware.h; sourceTree = "<group>"; };
		C5B6AB4526FD4E8300095918 /* AirAware.docc */ = {isa = PBXFileReference; lastKnownFileType = folder.documentationcatalog; path = AirAware.docc; sourceTree = "<group>"; };
		C5B6AB4D26FD4ED700095918 /* AwairService+Authorization.swift */ = {isa = PBXFileReference; fileEncoding = 4; lastKnownFileType = sourcecode.swift; path = "AwairService+Authorization.swift"; sourceTree = "<group>"; };
		C5B6AB4E26FD4ED700095918 /* AwairService.swift */ = {isa = PBXFileReference; fileEncoding = 4; lastKnownFileType = sourcecode.swift; path = AwairService.swift; sourceTree = "<group>"; };
		C5B6AB4F26FD4ED700095918 /* AwairService+Fetch.swift */ = {isa = PBXFileReference; fileEncoding = 4; lastKnownFileType = sourcecode.swift; path = "AwairService+Fetch.swift"; sourceTree = "<group>"; };
		C5B6AB5026FD4ED700095918 /* AwareData.swift */ = {isa = PBXFileReference; fileEncoding = 4; lastKnownFileType = sourcecode.swift; path = AwareData.swift; sourceTree = "<group>"; };
		C5B6AB5126FD4ED700095918 /* AwairService+Routes.swift */ = {isa = PBXFileReference; fileEncoding = 4; lastKnownFileType = sourcecode.swift; path = "AwairService+Routes.swift"; sourceTree = "<group>"; };
		C5B6AB5226FD4ED700095918 /* AwareDevice.swift */ = {isa = PBXFileReference; fileEncoding = 4; lastKnownFileType = sourcecode.swift; path = AwareDevice.swift; sourceTree = "<group>"; };
		C5B6AB5926FD4EE000095918 /* Package.swift */ = {isa = PBXFileReference; fileEncoding = 4; lastKnownFileType = sourcecode.swift; path = Package.swift; sourceTree = "<group>"; };
		C5DD5A44270D31830046EFED /* PurpleAirService+Routes.swift */ = {isa = PBXFileReference; lastKnownFileType = sourcecode.swift; path = "PurpleAirService+Routes.swift"; sourceTree = "<group>"; };
		C5DD5A46270D41B40046EFED /* PurpleAirService+Fetch.swift */ = {isa = PBXFileReference; lastKnownFileType = sourcecode.swift; path = "PurpleAirService+Fetch.swift"; sourceTree = "<group>"; };
		C5DD5A4A270E99750046EFED /* OpenWeatherService.swift */ = {isa = PBXFileReference; lastKnownFileType = sourcecode.swift; path = OpenWeatherService.swift; sourceTree = "<group>"; };
		C5DD5A4E270E9AEE0046EFED /* OpenWeatherService+Routes.swift */ = {isa = PBXFileReference; lastKnownFileType = sourcecode.swift; path = "OpenWeatherService+Routes.swift"; sourceTree = "<group>"; };
		C5DD5A50270E9BB10046EFED /* OpenWeatherService+Fetch.swift */ = {isa = PBXFileReference; lastKnownFileType = sourcecode.swift; path = "OpenWeatherService+Fetch.swift"; sourceTree = "<group>"; };
		C5DD5A52270EAE410046EFED /* AwareData+Conversions.swift */ = {isa = PBXFileReference; lastKnownFileType = sourcecode.swift; path = "AwareData+Conversions.swift"; sourceTree = "<group>"; };
		C5F04AE12703E24F007C49BA /* AirNowService.swift */ = {isa = PBXFileReference; lastKnownFileType = sourcecode.swift; path = AirNowService.swift; sourceTree = "<group>"; };
		C5F04AE3270416F0007C49BA /* AirNowService+Authorization.swift */ = {isa = PBXFileReference; lastKnownFileType = sourcecode.swift; path = "AirNowService+Authorization.swift"; sourceTree = "<group>"; };
		C5F04AE52704173E007C49BA /* AirNowService+Routes.swift */ = {isa = PBXFileReference; lastKnownFileType = sourcecode.swift; path = "AirNowService+Routes.swift"; sourceTree = "<group>"; };
		C5F04AE7270434F2007C49BA /* AirNowService+Fetch.swift */ = {isa = PBXFileReference; lastKnownFileType = sourcecode.swift; path = "AirNowService+Fetch.swift"; sourceTree = "<group>"; };
/* End PBXFileReference section */

/* Begin PBXFrameworksBuildPhase section */
		C5B6AB3E26FD4E8300095918 /* Frameworks */ = {
			isa = PBXFrameworksBuildPhase;
			buildActionMask = 2147483647;
			files = (
				C5B6AB5D26FD514B00095918 /* UUSwiftNetworking in Frameworks */,
			);
			runOnlyForDeploymentPostprocessing = 0;
		};
/* End PBXFrameworksBuildPhase section */

/* Begin PBXGroup section */
		C50A0BB92708064400E06DB4 /* AirNow */ = {
			isa = PBXGroup;
			children = (
				C5F04AE12703E24F007C49BA /* AirNowService.swift */,
				C5F04AE7270434F2007C49BA /* AirNowService+Fetch.swift */,
				C5F04AE52704173E007C49BA /* AirNowService+Routes.swift */,
				C5F04AE3270416F0007C49BA /* AirNowService+Authorization.swift */,
			);
			name = AirNow;
			sourceTree = "<group>";
		};
		C50A0BBA2708065500E06DB4 /* WeatherFlow */ = {
			isa = PBXGroup;
			children = (
				C50A0BBB2708067300E06DB4 /* WeatherFlowService.swift */,
				C50A0BBD270806D300E06DB4 /* WeatherFlowService+Authorization.swift */,
				C50A0BBF2708071900E06DB4 /* WeatherFlow+Routes.swift */,
				C50A0BC72708162900E06DB4 /* WeatherFlow+Fetch.swift */,
			);
			name = WeatherFlow;
			sourceTree = "<group>";
		};
		C50A0BC12708081A00E06DB4 /* Awair */ = {
			isa = PBXGroup;
			children = (
				C5B6AB4E26FD4ED700095918 /* AwairService.swift */,
				C5B6AB4D26FD4ED700095918 /* AwairService+Authorization.swift */,
				C5B6AB4F26FD4ED700095918 /* AwairService+Fetch.swift */,
				C5B6AB5126FD4ED700095918 /* AwairService+Routes.swift */,
				C50A0BC92708188D00E06DB4 /* AwairService+Device.swift */,
			);
			name = Awair;
			sourceTree = "<group>";
		};
		C50A0BD3270A333200E06DB4 /* AirThings */ = {
			isa = PBXGroup;
			children = (
				C50A0BD4270A334C00E06DB4 /* AirThingsService.swift */,
				C50A0BD8270A624A00E06DB4 /* AirThingsService+Authorization.swift */,
				C50A0BD6270A623600E06DB4 /* AirThings+Routes.swift */,
			);
			name = AirThings;
			sourceTree = "<group>";
		};
		C50A0BDA270BB1CA00E06DB4 /* PurpleAir */ = {
			isa = PBXGroup;
			children = (
				C50A0BDB270BB1E800E06DB4 /* PurpleAirService.swift */,
				C5DD5A44270D31830046EFED /* PurpleAirService+Routes.swift */,
				C5DD5A46270D41B40046EFED /* PurpleAirService+Fetch.swift */,
			);
			name = PurpleAir;
			sourceTree = "<group>";
		};
		C5B6AB3726FD4E8300095918 = {
			isa = PBXGroup;
			children = (
				C50546A6270F50A500FAD5D5 /* LICENSE */,
				C50546A7270F50A500FAD5D5 /* README.md */,
				C5B6AB5926FD4EE000095918 /* Package.swift */,
				C5B6AB4326FD4E8300095918 /* AirAware */,
				C5B6AB4226FD4E8300095918 /* Products */,
			);
			sourceTree = "<group>";
		};
		C5B6AB4226FD4E8300095918 /* Products */ = {
			isa = PBXGroup;
			children = (
				C5B6AB4126FD4E8300095918 /* AirAware.framework */,
			);
			name = Products;
			sourceTree = "<group>";
		};
		C5B6AB4326FD4E8300095918 /* AirAware */ = {
			isa = PBXGroup;
			children = (
				C5B6AB5026FD4ED700095918 /* AwareData.swift */,
				C5DD5A52270EAE410046EFED /* AwareData+Conversions.swift */,
				C5B6AB5226FD4ED700095918 /* AwareDevice.swift */,
				C50A0BCB2708E18400E06DB4 /* AwareService.swift */,
				C50A0BCD270A1E2C00E06DB4 /* AwareDataView.swift */,
				C50A0BD3270A333200E06DB4 /* AirThings */,
				C50A0BB92708064400E06DB4 /* AirNow */,
				C50A0BC12708081A00E06DB4 /* Awair */,
				C5DD5A49270E99590046EFED /* OpenWeather */,
				C50A0BDA270BB1CA00E06DB4 /* PurpleAir */,
				C50A0BBA2708065500E06DB4 /* WeatherFlow */,
				C5B6AB4426FD4E8300095918 /* AirAware.h */,
				C5B6AB4526FD4E8300095918 /* AirAware.docc */,
			);
			path = AirAware;
			sourceTree = "<group>";
		};
		C5DD5A49270E99590046EFED /* OpenWeather */ = {
			isa = PBXGroup;
			children = (
				C5DD5A4A270E99750046EFED /* OpenWeatherService.swift */,
				C5DD5A4E270E9AEE0046EFED /* OpenWeatherService+Routes.swift */,
				C5DD5A50270E9BB10046EFED /* OpenWeatherService+Fetch.swift */,
			);
			path = OpenWeather;
			sourceTree = "<group>";
		};
/* End PBXGroup section */

/* Begin PBXHeadersBuildPhase section */
		C5B6AB3C26FD4E8300095918 /* Headers */ = {
			isa = PBXHeadersBuildPhase;
			buildActionMask = 2147483647;
			files = (
				C5B6AB4726FD4E8300095918 /* AirAware.h in Headers */,
			);
			runOnlyForDeploymentPostprocessing = 0;
		};
/* End PBXHeadersBuildPhase section */

/* Begin PBXNativeTarget section */
		C5B6AB4026FD4E8300095918 /* AirAware */ = {
			isa = PBXNativeTarget;
			buildConfigurationList = C5B6AB4A26FD4E8300095918 /* Build configuration list for PBXNativeTarget "AirAware" */;
			buildPhases = (
				C5B6AB3C26FD4E8300095918 /* Headers */,
				C5B6AB3D26FD4E8300095918 /* Sources */,
				C5B6AB3E26FD4E8300095918 /* Frameworks */,
				C5B6AB3F26FD4E8300095918 /* Resources */,
			);
			buildRules = (
			);
			dependencies = (
			);
			name = AirAware;
			packageProductDependencies = (
				C5B6AB5C26FD514B00095918 /* UUSwiftNetworking */,
			);
			productName = AirAware;
			productReference = C5B6AB4126FD4E8300095918 /* AirAware.framework */;
			productType = "com.apple.product-type.framework";
		};
/* End PBXNativeTarget section */

/* Begin PBXProject section */
		C5B6AB3826FD4E8300095918 /* Project object */ = {
			isa = PBXProject;
			attributes = {
				BuildIndependentTargetsInParallel = 1;
				LastUpgradeCheck = 1300;
				TargetAttributes = {
					C5B6AB4026FD4E8300095918 = {
						CreatedOnToolsVersion = 13.0;
					};
				};
			};
			buildConfigurationList = C5B6AB3B26FD4E8300095918 /* Build configuration list for PBXProject "AirAware" */;
			compatibilityVersion = "Xcode 13.0";
			developmentRegion = en;
			hasScannedForEncodings = 0;
			knownRegions = (
				en,
				Base,
			);
			mainGroup = C5B6AB3726FD4E8300095918;
			packageReferences = (
				C5B6AB5B26FD514B00095918 /* XCRemoteSwiftPackageReference "UUSwiftNetworking" */,
			);
			productRefGroup = C5B6AB4226FD4E8300095918 /* Products */;
			projectDirPath = "";
			projectRoot = "";
			targets = (
				C5B6AB4026FD4E8300095918 /* AirAware */,
			);
		};
/* End PBXProject section */

/* Begin PBXResourcesBuildPhase section */
		C5B6AB3F26FD4E8300095918 /* Resources */ = {
			isa = PBXResourcesBuildPhase;
			buildActionMask = 2147483647;
			files = (
			);
			runOnlyForDeploymentPostprocessing = 0;
		};
/* End PBXResourcesBuildPhase section */

/* Begin PBXSourcesBuildPhase section */
		C5B6AB3D26FD4E8300095918 /* Sources */ = {
			isa = PBXSourcesBuildPhase;
			buildActionMask = 2147483647;
			files = (
				C50A0BBC2708067300E06DB4 /* WeatherFlowService.swift in Sources */,
				C5DD5A47270D41B40046EFED /* PurpleAirService+Fetch.swift in Sources */,
				C50A0BD9270A624A00E06DB4 /* AirThingsService+Authorization.swift in Sources */,
				C5F04AE8270434F2007C49BA /* AirNowService+Fetch.swift in Sources */,
				C5B6AB5626FD4ED700095918 /* AwareData.swift in Sources */,
				C5F04AE62704173E007C49BA /* AirNowService+Routes.swift in Sources */,
				C50A0BCA2708188D00E06DB4 /* AwairService+Device.swift in Sources */,
				C50A0BD5270A334C00E06DB4 /* AirThingsService.swift in Sources */,
				C5B6AB5326FD4ED700095918 /* AwairService+Authorization.swift in Sources */,
				C5F04AE4270416F0007C49BA /* AirNowService+Authorization.swift in Sources */,
				C5B6AB5726FD4ED700095918 /* AwairService+Routes.swift in Sources */,
				C5B6AB5526FD4ED700095918 /* AwairService+Fetch.swift in Sources */,
				C5B6AB5826FD4ED700095918 /* AwareDevice.swift in Sources */,
				C50A0BBE270806D300E06DB4 /* WeatherFlowService+Authorization.swift in Sources */,
				C5DD5A45270D31830046EFED /* PurpleAirService+Routes.swift in Sources */,
				C5B6AB5426FD4ED700095918 /* AwairService.swift in Sources */,
				C5DD5A53270EAE410046EFED /* AwareData+Conversions.swift in Sources */,
				C50A0BCC2708E18400E06DB4 /* AwareService.swift in Sources */,
				C5DD5A51270E9BB10046EFED /* OpenWeatherService+Fetch.swift in Sources */,
				C50A0BC82708162900E06DB4 /* WeatherFlow+Fetch.swift in Sources */,
				C50A0BD7270A623600E06DB4 /* AirThings+Routes.swift in Sources */,
				C5DD5A4F270E9AEE0046EFED /* OpenWeatherService+Routes.swift in Sources */,
				C5B6AB4626FD4E8300095918 /* AirAware.docc in Sources */,
				C50A0BCE270A1E2C00E06DB4 /* AwareDataView.swift in Sources */,
				C50A0BC02708071900E06DB4 /* WeatherFlow+Routes.swift in Sources */,
				C5DD5A4B270E99750046EFED /* OpenWeatherService.swift in Sources */,
				C50A0BDC270BB1E800E06DB4 /* PurpleAirService.swift in Sources */,
				C5F04AE22703E24F007C49BA /* AirNowService.swift in Sources */,
			);
			runOnlyForDeploymentPostprocessing = 0;
		};
/* End PBXSourcesBuildPhase section */

/* Begin XCBuildConfiguration section */
		C5B6AB4826FD4E8300095918 /* Debug */ = {
			isa = XCBuildConfiguration;
			buildSettings = {
				ALWAYS_SEARCH_USER_PATHS = NO;
				CLANG_ANALYZER_NONNULL = YES;
				CLANG_ANALYZER_NUMBER_OBJECT_CONVERSION = YES_AGGRESSIVE;
				CLANG_CXX_LANGUAGE_STANDARD = "gnu++17";
				CLANG_CXX_LIBRARY = "libc++";
				CLANG_ENABLE_MODULES = YES;
				CLANG_ENABLE_OBJC_ARC = YES;
				CLANG_ENABLE_OBJC_WEAK = YES;
				CLANG_WARN_BLOCK_CAPTURE_AUTORELEASING = YES;
				CLANG_WARN_BOOL_CONVERSION = YES;
				CLANG_WARN_COMMA = YES;
				CLANG_WARN_CONSTANT_CONVERSION = YES;
				CLANG_WARN_DEPRECATED_OBJC_IMPLEMENTATIONS = YES;
				CLANG_WARN_DIRECT_OBJC_ISA_USAGE = YES_ERROR;
				CLANG_WARN_DOCUMENTATION_COMMENTS = YES;
				CLANG_WARN_EMPTY_BODY = YES;
				CLANG_WARN_ENUM_CONVERSION = YES;
				CLANG_WARN_INFINITE_RECURSION = YES;
				CLANG_WARN_INT_CONVERSION = YES;
				CLANG_WARN_NON_LITERAL_NULL_CONVERSION = YES;
				CLANG_WARN_OBJC_IMPLICIT_RETAIN_SELF = YES;
				CLANG_WARN_OBJC_LITERAL_CONVERSION = YES;
				CLANG_WARN_OBJC_ROOT_CLASS = YES_ERROR;
				CLANG_WARN_QUOTED_INCLUDE_IN_FRAMEWORK_HEADER = YES;
				CLANG_WARN_RANGE_LOOP_ANALYSIS = YES;
				CLANG_WARN_STRICT_PROTOTYPES = YES;
				CLANG_WARN_SUSPICIOUS_MOVE = YES;
				CLANG_WARN_UNGUARDED_AVAILABILITY = YES_AGGRESSIVE;
				CLANG_WARN_UNREACHABLE_CODE = YES;
				CLANG_WARN__DUPLICATE_METHOD_MATCH = YES;
				COPY_PHASE_STRIP = NO;
				CURRENT_PROJECT_VERSION = 1;
				DEBUG_INFORMATION_FORMAT = dwarf;
				ENABLE_STRICT_OBJC_MSGSEND = YES;
				ENABLE_TESTABILITY = YES;
				GCC_C_LANGUAGE_STANDARD = gnu11;
				GCC_DYNAMIC_NO_PIC = NO;
				GCC_NO_COMMON_BLOCKS = YES;
				GCC_OPTIMIZATION_LEVEL = 0;
				GCC_PREPROCESSOR_DEFINITIONS = (
					"DEBUG=1",
					"$(inherited)",
				);
				GCC_WARN_64_TO_32_BIT_CONVERSION = YES;
				GCC_WARN_ABOUT_RETURN_TYPE = YES_ERROR;
				GCC_WARN_UNDECLARED_SELECTOR = YES;
				GCC_WARN_UNINITIALIZED_AUTOS = YES_AGGRESSIVE;
				GCC_WARN_UNUSED_FUNCTION = YES;
				GCC_WARN_UNUSED_VARIABLE = YES;
				IPHONEOS_DEPLOYMENT_TARGET = 15.0;
				MTL_ENABLE_DEBUG_INFO = INCLUDE_SOURCE;
				MTL_FAST_MATH = YES;
				ONLY_ACTIVE_ARCH = YES;
				SDKROOT = iphoneos;
				SWIFT_ACTIVE_COMPILATION_CONDITIONS = DEBUG;
				SWIFT_OPTIMIZATION_LEVEL = "-Onone";
				VERSIONING_SYSTEM = "apple-generic";
				VERSION_INFO_PREFIX = "";
			};
			name = Debug;
		};
		C5B6AB4926FD4E8300095918 /* Release */ = {
			isa = XCBuildConfiguration;
			buildSettings = {
				ALWAYS_SEARCH_USER_PATHS = NO;
				CLANG_ANALYZER_NONNULL = YES;
				CLANG_ANALYZER_NUMBER_OBJECT_CONVERSION = YES_AGGRESSIVE;
				CLANG_CXX_LANGUAGE_STANDARD = "gnu++17";
				CLANG_CXX_LIBRARY = "libc++";
				CLANG_ENABLE_MODULES = YES;
				CLANG_ENABLE_OBJC_ARC = YES;
				CLANG_ENABLE_OBJC_WEAK = YES;
				CLANG_WARN_BLOCK_CAPTURE_AUTORELEASING = YES;
				CLANG_WARN_BOOL_CONVERSION = YES;
				CLANG_WARN_COMMA = YES;
				CLANG_WARN_CONSTANT_CONVERSION = YES;
				CLANG_WARN_DEPRECATED_OBJC_IMPLEMENTATIONS = YES;
				CLANG_WARN_DIRECT_OBJC_ISA_USAGE = YES_ERROR;
				CLANG_WARN_DOCUMENTATION_COMMENTS = YES;
				CLANG_WARN_EMPTY_BODY = YES;
				CLANG_WARN_ENUM_CONVERSION = YES;
				CLANG_WARN_INFINITE_RECURSION = YES;
				CLANG_WARN_INT_CONVERSION = YES;
				CLANG_WARN_NON_LITERAL_NULL_CONVERSION = YES;
				CLANG_WARN_OBJC_IMPLICIT_RETAIN_SELF = YES;
				CLANG_WARN_OBJC_LITERAL_CONVERSION = YES;
				CLANG_WARN_OBJC_ROOT_CLASS = YES_ERROR;
				CLANG_WARN_QUOTED_INCLUDE_IN_FRAMEWORK_HEADER = YES;
				CLANG_WARN_RANGE_LOOP_ANALYSIS = YES;
				CLANG_WARN_STRICT_PROTOTYPES = YES;
				CLANG_WARN_SUSPICIOUS_MOVE = YES;
				CLANG_WARN_UNGUARDED_AVAILABILITY = YES_AGGRESSIVE;
				CLANG_WARN_UNREACHABLE_CODE = YES;
				CLANG_WARN__DUPLICATE_METHOD_MATCH = YES;
				COPY_PHASE_STRIP = NO;
				CURRENT_PROJECT_VERSION = 1;
				DEBUG_INFORMATION_FORMAT = "dwarf-with-dsym";
				ENABLE_NS_ASSERTIONS = NO;
				ENABLE_STRICT_OBJC_MSGSEND = YES;
				GCC_C_LANGUAGE_STANDARD = gnu11;
				GCC_NO_COMMON_BLOCKS = YES;
				GCC_WARN_64_TO_32_BIT_CONVERSION = YES;
				GCC_WARN_ABOUT_RETURN_TYPE = YES_ERROR;
				GCC_WARN_UNDECLARED_SELECTOR = YES;
				GCC_WARN_UNINITIALIZED_AUTOS = YES_AGGRESSIVE;
				GCC_WARN_UNUSED_FUNCTION = YES;
				GCC_WARN_UNUSED_VARIABLE = YES;
				IPHONEOS_DEPLOYMENT_TARGET = 15.0;
				MTL_ENABLE_DEBUG_INFO = NO;
				MTL_FAST_MATH = YES;
				SDKROOT = iphoneos;
				SWIFT_COMPILATION_MODE = wholemodule;
				SWIFT_OPTIMIZATION_LEVEL = "-O";
				VALIDATE_PRODUCT = YES;
				VERSIONING_SYSTEM = "apple-generic";
				VERSION_INFO_PREFIX = "";
			};
			name = Release;
		};
		C5B6AB4B26FD4E8300095918 /* Debug */ = {
			isa = XCBuildConfiguration;
			buildSettings = {
				CODE_SIGN_STYLE = Manual;
				CURRENT_PROJECT_VERSION = 1;
				DEFINES_MODULE = YES;
				DEVELOPMENT_TEAM = "";
				DYLIB_COMPATIBILITY_VERSION = 1;
				DYLIB_CURRENT_VERSION = 1;
				DYLIB_INSTALL_NAME_BASE = "@rpath";
				GENERATE_INFOPLIST_FILE = YES;
				INFOPLIST_KEY_NSHumanReadableCopyright = "";
				INSTALL_PATH = "$(LOCAL_LIBRARY_DIR)/Frameworks";
				LD_RUNPATH_SEARCH_PATHS = (
					"$(inherited)",
					"@executable_path/Frameworks",
					"@loader_path/Frameworks",
				);
				MARKETING_VERSION = 1.0;
				PRODUCT_BUNDLE_IDENTIFIER = com.silverpine.AirAware;
				PRODUCT_NAME = "$(TARGET_NAME:c99extidentifier)";
				PROVISIONING_PROFILE_SPECIFIER = "";
				"PROVISIONING_PROFILE_SPECIFIER[sdk=macosx*]" = "";
				SKIP_INSTALL = YES;
				SWIFT_EMIT_LOC_STRINGS = YES;
				SWIFT_VERSION = 5.0;
				TARGETED_DEVICE_FAMILY = "1,2";
			};
			name = Debug;
		};
		C5B6AB4C26FD4E8300095918 /* Release */ = {
			isa = XCBuildConfiguration;
			buildSettings = {
				CODE_SIGN_STYLE = Manual;
				CURRENT_PROJECT_VERSION = 1;
				DEFINES_MODULE = YES;
				DEVELOPMENT_TEAM = "";
				DYLIB_COMPATIBILITY_VERSION = 1;
				DYLIB_CURRENT_VERSION = 1;
				DYLIB_INSTALL_NAME_BASE = "@rpath";
				GENERATE_INFOPLIST_FILE = YES;
				INFOPLIST_KEY_NSHumanReadableCopyright = "";
				INSTALL_PATH = "$(LOCAL_LIBRARY_DIR)/Frameworks";
				LD_RUNPATH_SEARCH_PATHS = (
					"$(inherited)",
					"@executable_path/Frameworks",
					"@loader_path/Frameworks",
				);
				MARKETING_VERSION = 1.0;
				PRODUCT_BUNDLE_IDENTIFIER = com.silverpine.AirAware;
				PRODUCT_NAME = "$(TARGET_NAME:c99extidentifier)";
				PROVISIONING_PROFILE_SPECIFIER = "";
				"PROVISIONING_PROFILE_SPECIFIER[sdk=macosx*]" = "";
				SKIP_INSTALL = YES;
				SWIFT_EMIT_LOC_STRINGS = YES;
				SWIFT_VERSION = 5.0;
				TARGETED_DEVICE_FAMILY = "1,2";
			};
			name = Release;
		};
/* End XCBuildConfiguration section */

/* Begin XCConfigurationList section */
		C5B6AB3B26FD4E8300095918 /* Build configuration list for PBXProject "AirAware" */ = {
			isa = XCConfigurationList;
			buildConfigurations = (
				C5B6AB4826FD4E8300095918 /* Debug */,
				C5B6AB4926FD4E8300095918 /* Release */,
			);
			defaultConfigurationIsVisible = 0;
			defaultConfigurationName = Release;
		};
		C5B6AB4A26FD4E8300095918 /* Build configuration list for PBXNativeTarget "AirAware" */ = {
			isa = XCConfigurationList;
			buildConfigurations = (
				C5B6AB4B26FD4E8300095918 /* Debug */,
				C5B6AB4C26FD4E8300095918 /* Release */,
			);
			defaultConfigurationIsVisible = 0;
			defaultConfigurationName = Release;
		};
/* End XCConfigurationList section */

/* Begin XCRemoteSwiftPackageReference section */
		C5B6AB5B26FD514B00095918 /* XCRemoteSwiftPackageReference "UUSwiftNetworking" */ = {
			isa = XCRemoteSwiftPackageReference;
			repositoryURL = "https://github.com/SilverPineSoftware/UUSwiftNetworking";
			requirement = {
				kind = upToNextMajorVersion;
				minimumVersion = 1.0.0;
			};
		};
/* End XCRemoteSwiftPackageReference section */

/* Begin XCSwiftPackageProductDependency section */
		C5B6AB5C26FD514B00095918 /* UUSwiftNetworking */ = {
			isa = XCSwiftPackageProductDependency;
			package = C5B6AB5B26FD514B00095918 /* XCRemoteSwiftPackageReference "UUSwiftNetworking" */;
			productName = UUSwiftNetworking;
		};
/* End XCSwiftPackageProductDependency section */
	};
	rootObject = C5B6AB3826FD4E8300095918 /* Project object */;
}
