{
  "object": {
    "pins": [
      {
        "package": "UUSwiftCore",
        "repositoryURL": "https://github.com/SilverPineSoftware/UUSwiftCore.git",
        "state": {
          "branch": null,
          "revision": "2a38c83b4903bfe7239b57b2e248a421cdf6f365",
          "version": "1.1.2"
        }
      },
      {
        "package": "UUSwiftNetworking",
        "repositoryURL": "https://github.com/SilverPineSoftware/UUSwiftNetworking",
        "state": {
          "branch": null,
          "revision": "d4fd574666cbc097bbf1396943e4987e42643726",
          "version": "1.0.7"
        }
      }
    ]
  },
  "version": 1
}
